
Microsoft Visual Studio Solution File, Format Version 12.00
# Visual Studio Version 17
VisualStudioVersion = 17.1.32328.378
MinimumVisualStudioVersion = 10.0.40219.1
Project("{FAE04EC0-301F-11D3-BF4B-00C04F79EFBC}") = "Semaine 4 - LegumesDemo", "Semaine 4 - LegumesDemo.csproj", "{52F50FA9-6766-4C12-84AB-EAA9BB80FCD2}"
EndProject
Global
	GlobalSection(SolutionConfigurationPlatforms) = preSolution
		Debug|Any CPU = Debug|Any CPU
		Release|Any CPU = Release|Any CPU
	EndGlobalSection
	GlobalSection(ProjectConfigurationPlatforms) = postSolution
		{52F50FA9-6766-4C12-84AB-EAA9BB80FCD2}.Debug|Any CPU.ActiveCfg = Debug|Any CPU
		{52F50FA9-6766-4C12-84AB-EAA9BB80FCD2}.Debug|Any CPU.Build.0 = Debug|Any CPU
		{52F50FA9-6766-4C12-84AB-EAA9BB80FCD2}.Release|Any CPU.ActiveCfg = Release|Any CPU
		{52F50FA9-6766-4C12-84AB-EAA9BB80FCD2}.Release|Any CPU.Build.0 = Release|Any CPU
	EndGlobalSection
	GlobalSection(SolutionProperties) = preSolution
		HideSolutionNode = FALSE
	EndGlobalSection
	GlobalSection(ExtensibilityGlobals) = postSolution
		SolutionGuid = {58028C7E-9601-4C40-B1A5-9421F63E9530}
	EndGlobalSection
EndGlobal
